
Microsoft Visual Studio Solution File, Format Version 12.00
# Visual Studio 15
VisualStudioVersion = 15.0.27703.2035
MinimumVisualStudioVersion = 10.0.40219.1
Project("{FAE04EC0-301F-11D3-BF4B-00C04F79EFBC}") = "ApiCode", "ApiCode\ApiCode.csproj", "{FDB5C9C6-681D-4EA7-A874-12056F41440A}"
EndProject
Global
	GlobalSection(SolutionConfigurationPlatforms) = preSolution
		Debug|Any CPU = Debug|Any CPU
		Release|Any CPU = Release|Any CPU
	EndGlobalSection
	GlobalSection(ProjectConfigurationPlatforms) = postSolution
		{FDB5C9C6-681D-4EA7-A874-12056F41440A}.Debug|Any CPU.ActiveCfg = Debug|Any CPU
		{FDB5C9C6-681D-4EA7-A874-12056F41440A}.Debug|Any CPU.Build.0 = Debug|Any CPU
		{FDB5C9C6-681D-4EA7-A874-12056F41440A}.Release|Any CPU.ActiveCfg = Release|Any CPU
		{FDB5C9C6-681D-4EA7-A874-12056F41440A}.Release|Any CPU.Build.0 = Release|Any CPU
	EndGlobalSection
	GlobalSection(SolutionProperties) = preSolution
		HideSolutionNode = FALSE
	EndGlobalSection
	GlobalSection(ExtensibilityGlobals) = postSolution
		SolutionGuid = {0CF15E70-84D5-459F-AB3A-EF294BC81D06}
	EndGlobalSection
EndGlobal
